
Microsoft Visual Studio Solution File, Format Version 12.00
# Visual Studio Version 16
VisualStudioVersion = 16.0.31105.61
MinimumVisualStudioVersion = 10.0.40219.1
Project("{FAE04EC0-301F-11D3-BF4B-00C04F79EFBC}") = "CarsApp", "CarsApp\CarsApp.csproj", "{CFAB8098-E829-423E-95F1-4FC262A4D627}"
EndProject
Project("{FAE04EC0-301F-11D3-BF4B-00C04F79EFBC}") = "Cars.Services", "Cars.Services\Cars.Services.csproj", "{84548F85-D4C8-4743-A899-824C6F60EDBA}"
EndProject
Project("{FAE04EC0-301F-11D3-BF4B-00C04F79EFBC}") = "Cars.Models", "Cars.Models\Cars.Models.csproj", "{1EC1D87D-D1F0-4AD0-B189-B7D6A899FDCF}"
EndProject
Project("{FAE04EC0-301F-11D3-BF4B-00C04F79EFBC}") = "Cars.Mappings", "Cars.Mappings\Cars.Mappings.csproj", "{B28C2B6E-E533-48FF-BF93-6BB6A896886A}"
EndProject
Project("{FAE04EC0-301F-11D3-BF4B-00C04F79EFBC}") = "Cars.DataAccess", "Cars.DataAccess\Cars.DataAccess.csproj", "{9C3F3AB2-2CF9-430C-B3A4-DFD2899FD855}"
EndProject
Global
	GlobalSection(SolutionConfigurationPlatforms) = preSolution
		Debug|Any CPU = Debug|Any CPU
		Release|Any CPU = Release|Any CPU
	EndGlobalSection
	GlobalSection(ProjectConfigurationPlatforms) = postSolution
		{CFAB8098-E829-423E-95F1-4FC262A4D627}.Debug|Any CPU.ActiveCfg = Debug|Any CPU
		{CFAB8098-E829-423E-95F1-4FC262A4D627}.Debug|Any CPU.Build.0 = Debug|Any CPU
		{CFAB8098-E829-423E-95F1-4FC262A4D627}.Release|Any CPU.ActiveCfg = Release|Any CPU
		{CFAB8098-E829-423E-95F1-4FC262A4D627}.Release|Any CPU.Build.0 = Release|Any CPU
		{84548F85-D4C8-4743-A899-824C6F60EDBA}.Debug|Any CPU.ActiveCfg = Debug|Any CPU
		{84548F85-D4C8-4743-A899-824C6F60EDBA}.Debug|Any CPU.Build.0 = Debug|Any CPU
		{84548F85-D4C8-4743-A899-824C6F60EDBA}.Release|Any CPU.ActiveCfg = Release|Any CPU
		{84548F85-D4C8-4743-A899-824C6F60EDBA}.Release|Any CPU.Build.0 = Release|Any CPU
		{1EC1D87D-D1F0-4AD0-B189-B7D6A899FDCF}.Debug|Any CPU.ActiveCfg = Debug|Any CPU
		{1EC1D87D-D1F0-4AD0-B189-B7D6A899FDCF}.Debug|Any CPU.Build.0 = Debug|Any CPU
		{1EC1D87D-D1F0-4AD0-B189-B7D6A899FDCF}.Release|Any CPU.ActiveCfg = Release|Any CPU
		{1EC1D87D-D1F0-4AD0-B189-B7D6A899FDCF}.Release|Any CPU.Build.0 = Release|Any CPU
		{B28C2B6E-E533-48FF-BF93-6BB6A896886A}.Debug|Any CPU.ActiveCfg = Debug|Any CPU
		{B28C2B6E-E533-48FF-BF93-6BB6A896886A}.Debug|Any CPU.Build.0 = Debug|Any CPU
		{B28C2B6E-E533-48FF-BF93-6BB6A896886A}.Release|Any CPU.ActiveCfg = Release|Any CPU
		{B28C2B6E-E533-48FF-BF93-6BB6A896886A}.Release|Any CPU.Build.0 = Release|Any CPU
		{9C3F3AB2-2CF9-430C-B3A4-DFD2899FD855}.Debug|Any CPU.ActiveCfg = Debug|Any CPU
		{9C3F3AB2-2CF9-430C-B3A4-DFD2899FD855}.Debug|Any CPU.Build.0 = Debug|Any CPU
		{9C3F3AB2-2CF9-430C-B3A4-DFD2899FD855}.Release|Any CPU.ActiveCfg = Release|Any CPU
		{9C3F3AB2-2CF9-430C-B3A4-DFD2899FD855}.Release|Any CPU.Build.0 = Release|Any CPU
	EndGlobalSection
	GlobalSection(SolutionProperties) = preSolution
		HideSolutionNode = FALSE
	EndGlobalSection
	GlobalSection(ExtensibilityGlobals) = postSolution
		SolutionGuid = {FAE1482F-B091-4945-AA2B-8901B783399D}
	EndGlobalSection
EndGlobal
